
Microsoft Visual Studio Solution File, Format Version 12.00
# Visual Studio Version 16
VisualStudioVersion = 16.0.31729.503
MinimumVisualStudioVersion = 10.0.40219.1
Project("{9A19103F-16F7-4668-BE54-9A1E7A4F7556}") = "Flashcards.Wpf", "Flashcards.Wpf\Flashcards.Wpf.csproj", "{1FA5E0EB-18CF-4B0E-9E87-C8CAE3EE5DBE}"
EndProject
Project("{9A19103F-16F7-4668-BE54-9A1E7A4F7556}") = "Flashcards.Core", "Flashcards.Core\Flashcards.Core.csproj", "{C14D49FE-1794-4547-BEE6-9F738F9A6C78}"
EndProject
Project("{2150E333-8FDC-42A3-9474-1A3956D46DE8}") = "Solution Items", "Solution Items", "{47E5AB39-E513-48C1-9989-8E6EF9510139}"
	ProjectSection(SolutionItems) = preProject
		TODO.txt = TODO.txt
	EndProjectSection
EndProject
Global
	GlobalSection(SolutionConfigurationPlatforms) = preSolution
		Debug|Any CPU = Debug|Any CPU
		Release|Any CPU = Release|Any CPU
	EndGlobalSection
	GlobalSection(ProjectConfigurationPlatforms) = postSolution
		{1FA5E0EB-18CF-4B0E-9E87-C8CAE3EE5DBE}.Debug|Any CPU.ActiveCfg = Debug|Any CPU
		{1FA5E0EB-18CF-4B0E-9E87-C8CAE3EE5DBE}.Debug|Any CPU.Build.0 = Debug|Any CPU
		{1FA5E0EB-18CF-4B0E-9E87-C8CAE3EE5DBE}.Release|Any CPU.ActiveCfg = Release|Any CPU
		{1FA5E0EB-18CF-4B0E-9E87-C8CAE3EE5DBE}.Release|Any CPU.Build.0 = Release|Any CPU
		{C14D49FE-1794-4547-BEE6-9F738F9A6C78}.Debug|Any CPU.ActiveCfg = Debug|Any CPU
		{C14D49FE-1794-4547-BEE6-9F738F9A6C78}.Debug|Any CPU.Build.0 = Debug|Any CPU
		{C14D49FE-1794-4547-BEE6-9F738F9A6C78}.Release|Any CPU.ActiveCfg = Release|Any CPU
		{C14D49FE-1794-4547-BEE6-9F738F9A6C78}.Release|Any CPU.Build.0 = Release|Any CPU
	EndGlobalSection
	GlobalSection(SolutionProperties) = preSolution
		HideSolutionNode = FALSE
	EndGlobalSection
	GlobalSection(ExtensibilityGlobals) = postSolution
		SolutionGuid = {85E18640-7597-4570-AF14-98185999168A}
	EndGlobalSection
EndGlobal
